
Microsoft Visual Studio Solution File, Format Version 12.00
# Visual Studio Version 16
VisualStudioVersion = 16.0.29020.237
MinimumVisualStudioVersion = 10.0.40219.1
Project("{9A19103F-16F7-4668-BE54-9A1E7A4F7556}") = "MaipApp", "MaipApp\MaipApp.csproj", "{7E85B5EE-5BAA-4E82-BFB9-FB4712FC8457}"
EndProject
Project("{9A19103F-16F7-4668-BE54-9A1E7A4F7556}") = "Contracts", "Contracts\Contracts.csproj", "{0441F525-C7FE-4D76-82A7-FD27F51B672B}"
EndProject
Project("{9A19103F-16F7-4668-BE54-9A1E7A4F7556}") = "Implementation", "Implementation\Implementation.csproj", "{B38E14A0-F7D2-4EB6-8270-B453B9D8AAEA}"
EndProject
Project("{9A19103F-16F7-4668-BE54-9A1E7A4F7556}") = "Implementation.Tests", "Implementation.Tests\Implementation.Tests.csproj", "{EB0B773F-F070-4941-898A-B11D8E35F6E2}"
EndProject
Project("{9A19103F-16F7-4668-BE54-9A1E7A4F7556}") = "AnagramGenerator.WebApp", "AnagramGenerator.WebApp\AnagramGenerator.WebApp.csproj", "{12783806-A12E-454D-BD49-3E904F3C1722}"
EndProject
Project("{9A19103F-16F7-4668-BE54-9A1E7A4F7556}") = "AnagramGetter", "AnagramGetter\AnagramGetter.csproj", "{E9957871-23A2-4E36-8B44-4BE43618157C}"
EndProject
Project("{9A19103F-16F7-4668-BE54-9A1E7A4F7556}") = "AnagramGenerator.EF.DatabaseFirst", "AnagramGenerator.EF.DatabaseFirst\AnagramGenerator.EF.DatabaseFirst.csproj", "{B79CA8DF-2D48-4C20-B4BF-FDB8DF498E18}"
EndProject
Project("{9A19103F-16F7-4668-BE54-9A1E7A4F7556}") = "AnagramGenerator.RawSQL", "AnagramGenerator.RawSQL\AnagramGenerator.RawSQL.csproj", "{96575F8E-4508-45EA-B8E8-8B91F3C8287F}"
EndProject
Project("{9A19103F-16F7-4668-BE54-9A1E7A4F7556}") = "AnagramGenerator.EF.CodeFirst", "AnagramGenerator.EF.CodeFirst\AnagramGenerator.EF.CodeFirst.csproj", "{09832F96-A272-47DD-BCE2-4025F2E77FCB}"
EndProject
Project("{9A19103F-16F7-4668-BE54-9A1E7A4F7556}") = "DbSeeder", "DbSeeder\DbSeeder.csproj", "{29E2A41C-7E13-4354-9E98-458E64D43B3D}"
EndProject
Project("{9A19103F-16F7-4668-BE54-9A1E7A4F7556}") = "AnagramGenerator.WebApi", "AnagramGenerator.WebApi\AnagramGenerator.WebApi.csproj", "{B57C063E-D641-4C75-B367-C513F9E2E70D}"
EndProject
Project("{FAE04EC0-301F-11D3-BF4B-00C04F79EFBC}") = "AnagramGenerator.WebApp.Tests", "AnagramGenerator.WebApp.Tests\AnagramGenerator.WebApp.Tests.csproj", "{157F05C4-737B-46C9-AD67-E4C0BD1D7FA2}"
EndProject
Global
	GlobalSection(SolutionConfigurationPlatforms) = preSolution
		Debug|Any CPU = Debug|Any CPU
		Release|Any CPU = Release|Any CPU
	EndGlobalSection
	GlobalSection(ProjectConfigurationPlatforms) = postSolution
		{7E85B5EE-5BAA-4E82-BFB9-FB4712FC8457}.Debug|Any CPU.ActiveCfg = Debug|Any CPU
		{7E85B5EE-5BAA-4E82-BFB9-FB4712FC8457}.Release|Any CPU.ActiveCfg = Release|Any CPU
		{7E85B5EE-5BAA-4E82-BFB9-FB4712FC8457}.Release|Any CPU.Build.0 = Release|Any CPU
		{0441F525-C7FE-4D76-82A7-FD27F51B672B}.Debug|Any CPU.ActiveCfg = Debug|Any CPU
		{0441F525-C7FE-4D76-82A7-FD27F51B672B}.Debug|Any CPU.Build.0 = Debug|Any CPU
		{0441F525-C7FE-4D76-82A7-FD27F51B672B}.Release|Any CPU.ActiveCfg = Release|Any CPU
		{0441F525-C7FE-4D76-82A7-FD27F51B672B}.Release|Any CPU.Build.0 = Release|Any CPU
		{B38E14A0-F7D2-4EB6-8270-B453B9D8AAEA}.Debug|Any CPU.ActiveCfg = Debug|Any CPU
		{B38E14A0-F7D2-4EB6-8270-B453B9D8AAEA}.Debug|Any CPU.Build.0 = Debug|Any CPU
		{B38E14A0-F7D2-4EB6-8270-B453B9D8AAEA}.Release|Any CPU.ActiveCfg = Release|Any CPU
		{B38E14A0-F7D2-4EB6-8270-B453B9D8AAEA}.Release|Any CPU.Build.0 = Release|Any CPU
		{EB0B773F-F070-4941-898A-B11D8E35F6E2}.Debug|Any CPU.ActiveCfg = Debug|Any CPU
		{EB0B773F-F070-4941-898A-B11D8E35F6E2}.Release|Any CPU.ActiveCfg = Release|Any CPU
		{EB0B773F-F070-4941-898A-B11D8E35F6E2}.Release|Any CPU.Build.0 = Release|Any CPU
		{12783806-A12E-454D-BD49-3E904F3C1722}.Debug|Any CPU.ActiveCfg = Debug|Any CPU
		{12783806-A12E-454D-BD49-3E904F3C1722}.Debug|Any CPU.Build.0 = Debug|Any CPU
		{12783806-A12E-454D-BD49-3E904F3C1722}.Release|Any CPU.ActiveCfg = Release|Any CPU
		{12783806-A12E-454D-BD49-3E904F3C1722}.Release|Any CPU.Build.0 = Release|Any CPU
		{E9957871-23A2-4E36-8B44-4BE43618157C}.Debug|Any CPU.ActiveCfg = Debug|Any CPU
		{E9957871-23A2-4E36-8B44-4BE43618157C}.Release|Any CPU.ActiveCfg = Release|Any CPU
		{E9957871-23A2-4E36-8B44-4BE43618157C}.Release|Any CPU.Build.0 = Release|Any CPU
		{B79CA8DF-2D48-4C20-B4BF-FDB8DF498E18}.Debug|Any CPU.ActiveCfg = Debug|Any CPU
		{B79CA8DF-2D48-4C20-B4BF-FDB8DF498E18}.Debug|Any CPU.Build.0 = Debug|Any CPU
		{B79CA8DF-2D48-4C20-B4BF-FDB8DF498E18}.Release|Any CPU.ActiveCfg = Release|Any CPU
		{B79CA8DF-2D48-4C20-B4BF-FDB8DF498E18}.Release|Any CPU.Build.0 = Release|Any CPU
		{96575F8E-4508-45EA-B8E8-8B91F3C8287F}.Debug|Any CPU.ActiveCfg = Debug|Any CPU
		{96575F8E-4508-45EA-B8E8-8B91F3C8287F}.Release|Any CPU.ActiveCfg = Release|Any CPU
		{96575F8E-4508-45EA-B8E8-8B91F3C8287F}.Release|Any CPU.Build.0 = Release|Any CPU
		{09832F96-A272-47DD-BCE2-4025F2E77FCB}.Debug|Any CPU.ActiveCfg = Debug|Any CPU
		{09832F96-A272-47DD-BCE2-4025F2E77FCB}.Release|Any CPU.ActiveCfg = Release|Any CPU
		{09832F96-A272-47DD-BCE2-4025F2E77FCB}.Release|Any CPU.Build.0 = Release|Any CPU
		{29E2A41C-7E13-4354-9E98-458E64D43B3D}.Debug|Any CPU.ActiveCfg = Debug|Any CPU
		{29E2A41C-7E13-4354-9E98-458E64D43B3D}.Debug|Any CPU.Build.0 = Debug|Any CPU
		{29E2A41C-7E13-4354-9E98-458E64D43B3D}.Release|Any CPU.ActiveCfg = Release|Any CPU
		{29E2A41C-7E13-4354-9E98-458E64D43B3D}.Release|Any CPU.Build.0 = Release|Any CPU
		{B57C063E-D641-4C75-B367-C513F9E2E70D}.Debug|Any CPU.ActiveCfg = Debug|Any CPU
		{B57C063E-D641-4C75-B367-C513F9E2E70D}.Debug|Any CPU.Build.0 = Debug|Any CPU
		{B57C063E-D641-4C75-B367-C513F9E2E70D}.Release|Any CPU.ActiveCfg = Release|Any CPU
		{B57C063E-D641-4C75-B367-C513F9E2E70D}.Release|Any CPU.Build.0 = Release|Any CPU
		{157F05C4-737B-46C9-AD67-E4C0BD1D7FA2}.Debug|Any CPU.ActiveCfg = Debug|Any CPU
		{157F05C4-737B-46C9-AD67-E4C0BD1D7FA2}.Debug|Any CPU.Build.0 = Debug|Any CPU
		{157F05C4-737B-46C9-AD67-E4C0BD1D7FA2}.Release|Any CPU.ActiveCfg = Release|Any CPU
		{157F05C4-737B-46C9-AD67-E4C0BD1D7FA2}.Release|Any CPU.Build.0 = Release|Any CPU
	EndGlobalSection
	GlobalSection(SolutionProperties) = preSolution
		HideSolutionNode = FALSE
	EndGlobalSection
	GlobalSection(ExtensibilityGlobals) = postSolution
		SolutionGuid = {62B2C1CA-A0FD-4679-831F-6E5B75BF95B3}
	EndGlobalSection
EndGlobal
